<?xml version="1.0" encoding="utf-8"?>
<Project ToolsVersion="4.0" xmlns="http://schemas.microsoft.com/developer/msbuild/2003">
  <ItemGroup>
    <ClCompile Include="Linking\lib\stb\stb.cpp">
      <Filter>src\external</Filter>
    </ClCompile>
    <ClCompile Include="src\main.cpp" />
    <ClCompile Include="src\core\engine_state.cpp" />
    <ClCompile Include="src\physics\collision_manifold.cpp" />
    <ClCompile Include="src\physics\physics.cpp" />
    <ClCompile Include="src\physics\sat.cpp" />
    <ClCompile Include="src\graphics\lighting\light.cpp" />
    <ClCompile Include="src\graphics\lighting\light_manager.cpp" />
    <ClCompile Include="src\graphics\renderer\renderer.cpp" />
    <ClCompile Include="src\graphics\textures\texture_manager.cpp" />
    <ClCompile Include="src\graphics\debug\render_contact_points.cpp" />
    <ClCompile Include="src\graphics\debug\draw_line.cpp" />
    <ClCompile Include="src\graphics\debug\xyz_object.cpp" />
    <ClCompile Include="src\game\game_object.cpp" />
    <ClCompile Include="src\game\scene_builder.cpp" />
    <ClCompile Include="src\externals\glad.c" />
    <ClCompile Include="src\editor\editor_main.cpp" />
    <ClCompile Include="src\physics\raycast.cpp" />
    <ClCompile Include="src\graphics\debug\oobb_renderer.cpp" />
    <ClCompile Include="src\graphics\debug\aabb_renderer.cpp" />
    <ClCompile Include="src\physics\bvh.cpp" />
    <ClCompile Include="src\physics\colliders\collider.cpp" />
    <ClCompile Include="src\physics\colliders\sphere.cpp" />
    <ClCompile Include="src\physics\colliders\aabb.cpp" />
    <ClCompile Include="src\physics\colliders\oobb.cpp" />
    <ClCompile Include="src\physics\colliders\tri.cpp" />
    <ClCompile Include="src\game\scenes.cpp" />
    <ClCompile Include="src\graphics\debug\sphere_outline_renderer.cpp" />
    <ClCompile Include="src\graphics\lighting\shadow_manager.cpp" />
    <ClCompile Include="src\graphics\skybox\skybox_manager.cpp" />
    <ClCompile Include="src\geometry\sky_box_data.cpp" />
    <ClCompile Include="src\pch.cpp" />
    <ClCompile Include="src\graphics\mesh\mesh_loader.cpp" />
    <ClCompile Include="src\graphics\shaders\shader_manager.cpp" />
    <ClCompile Include="src\graphics\mesh\mesh.cpp" />
    <ClCompile Include="src\graphics\mesh\mesh_manager.cpp" />
    <ClCompile Include="src\core\imgui_manager.cpp" />
    <ClCompile Include="src\core\timer.cpp" />
    <ClCompile Include="src\game\player.cpp" />
    <ClCompile Include="src\core\camera.cpp" />
    <ClCompile Include="src\core\input_manager.cpp" />
    <ClCompile Include="src\physics\broadphase_manager.cpp" />
    <ClCompile Include="Linking\include\imgui-docking\imgui.cpp" />
    <ClCompile Include="Linking\include\imgui-docking\imgui_demo.cpp" />
    <ClCompile Include="Linking\include\imgui-docking\imgui_draw.cpp" />
    <ClCompile Include="Linking\include\imgui-docking\imgui_impl_glfw.cpp" />
    <ClCompile Include="Linking\include\imgui-docking\imgui_impl_opengl3.cpp" />
    <ClCompile Include="Linking\include\imgui-docking\imgui_tables.cpp" />
    <ClCompile Include="Linking\include\imgui-docking\imgui_widgets.cpp" />
    <ClCompile Include="src\editor\panel_manager.cpp" />
    <ClCompile Include="src\editor\panels\performance_panel.cpp" />
  </ItemGroup>
  <ItemGroup>
    <Filter Include="src">
      <UniqueIdentifier>{11b34857-600a-454c-9641-d46f3d07bb5e}</UniqueIdentifier>
    </Filter>
    <Filter Include="src\core">
      <UniqueIdentifier>{f2ebdefc-a70f-44d9-9d8d-1dece008a1e5}</UniqueIdentifier>
    </Filter>
    <Filter Include="src\game">
      <UniqueIdentifier>{e4b66ec0-54cc-4868-b2e1-b63ef7ce0987}</UniqueIdentifier>
    </Filter>
    <Filter Include="src\physics">
      <UniqueIdentifier>{de9b779a-a9c3-4882-a6b4-1a60f6c30ed6}</UniqueIdentifier>
    </Filter>
    <Filter Include="src\shaders">
      <UniqueIdentifier>{f36d2c57-b29c-422a-85a9-bc58d9873e19}</UniqueIdentifier>
    </Filter>
    <Filter Include="src\external">
      <UniqueIdentifier>{52016a1c-2a74-493c-a94e-ebee80b7ee4a}</UniqueIdentifier>
    </Filter>
    <Filter Include="src\assets">
      <UniqueIdentifier>{2f8bd695-c0ad-42d6-898b-5dae55a5ba2d}</UniqueIdentifier>
    </Filter>
    <Filter Include="src\graphics">
      <UniqueIdentifier>{a2ca50ef-7e4f-4147-a876-e50bbec863ca}</UniqueIdentifier>
    </Filter>
    <Filter Include="src\graphics\debug">
      <UniqueIdentifier>{2209605e-4776-4489-b926-d5234d7b56f8}</UniqueIdentifier>
    </Filter>
  </ItemGroup>
  <ItemGroup>
    <ClInclude Include="src\core\camera.h" />
    <ClInclude Include="src\core\engine_state.h" />
    <ClInclude Include="src\core\init_opengl.h" />
    <ClInclude Include="src\core\input.h" />
    <ClInclude Include="src\physics\collision_manifold.h" />
    <ClInclude Include="src\physics\physics.h" />
    <ClInclude Include="src\physics\sat.h" />
    <ClInclude Include="src\graphics\lighting\light.h" />
    <ClInclude Include="src\graphics\lighting\light_manager.h" />
    <ClInclude Include="src\graphics\renderer\renderer.h" />
    <ClInclude Include="src\graphics\shaders\shader.h" />
    <ClInclude Include="src\graphics\textures\texture_manager.h" />
    <ClInclude Include="src\graphics\debug\draw_line.h" />
    <ClInclude Include="src\graphics\debug\xyz_object.h" />
    <ClInclude Include="src\game\game_object.h" />
    <ClInclude Include="src\game\scene_builder.h" />
    <ClInclude Include="src\editor\editor_main.h" />
    <ClInclude Include="src\physics\raycast.h" />
    <ClInclude Include="src\graphics\debug\oobb_renderer.h" />
    <ClInclude Include="src\graphics\debug\aabb_renderer.h" />
    <ClInclude Include="src\geometry\vertex.h" />
    <ClInclude Include="src\physics\bvh.h" />
    <ClInclude Include="src\physics\colliders\aabb.h" />
    <ClInclude Include="src\physics\colliders\oobb.h" />
    <ClInclude Include="src\physics\colliders\collider.h" />
    <ClInclude Include="src\physics\colliders\sphere.h" />
    <ClInclude Include="src\physics\colliders\tri.h" />
    <ClInclude Include="src\game\scenes.h" />
    <ClInclude Include="src\graphics\debug\sphere_outline_renderer.h" />
    <ClInclude Include="src\graphics\lighting\shadow_manager.h" />
    <ClInclude Include="src\graphics\skybox\skybox_manager.h" />
    <ClInclude Include="src\geometry\sky_box_data.h" />
    <ClInclude Include="src\pch.h" />
    <ClInclude Include="src\graphics\mesh\mesh_loader.h" />
    <ClInclude Include="src\graphics\shaders\shader_manager.h" />
    <ClInclude Include="src\graphics\mesh\mesh.h" />
    <ClInclude Include="src\graphics\mesh\mesh_manager.h" />
    <ClInclude Include="src\graphics\debug\render_contact_points.h" />
    <ClInclude Include="src\core\imgui_manager.h" />
    <ClInclude Include="src\core\timer.h" />
    <ClInclude Include="src\game\player.h" />
    <ClInclude Include="src\core\input_manager.h" />
    <ClInclude Include="src\physics\broadphase_manager.h" />
    <ClInclude Include="src\physics\broadphase_types.h" />
    <ClInclude Include="src\physics\broadphase_pairs.h" />
    <ClInclude Include="src\editor\viewport_fbo.h" />
    <ClInclude Include="src\editor\panel_manager.h" />
    <ClInclude Include="src\editor\panel.h" />
    <ClInclude Include="src\editor\panels\performance_panel.h" />
  </ItemGroup>
  <ItemGroup>
    <Image Include="src\UV0.png" />
    <Image Include="src\crate.jpg" />
    <Image Include="src\assets\crate.jpg" />
    <Image Include="src\assets\UV0.png" />
  </ItemGroup>
  <ItemGroup>
    <None Include="src\externals\glfw3.dll" />
    <None Include="src\graphics\shaders\default.frag" />
    <None Include="src\graphics\shaders\debug.vert">
      <Filter>src\shaders</Filter>
    </None>
    <None Include="src\graphics\shaders\debug.frag" />
    <None Include="src\graphics\shaders\shadow.frag">
      <Filter>src\shaders</Filter>
    </None>
    <None Include="src\graphics\shaders\shadow.vert">
      <Filter>src\shaders</Filter>
    </None>
    <None Include="src\graphics\shaders\skybox.frag">
      <Filter>src\shaders</Filter>
    </None>
    <None Include="src\graphics\shaders\skybox.vert">
      <Filter>src\shaders</Filter>
    </None>
    <None Include="src\graphics\shaders\default.vert" />
    <None Include="src\graphics\shaders\default_instanced.vert" />
    <None Include="src\graphics\shaders\shadow_instanced.vert" />
  </ItemGroup>
</Project>