<?xml version="1.0" encoding="utf-8"?>
<Project ToolsVersion="4.0" xmlns="http://schemas.microsoft.com/developer/msbuild/2003">
  <ItemGroup>
    <ClCompile Include="Linking\lib\stb\stb.cpp">
      <Filter>src\external</Filter>
    </ClCompile>
    <ClCompile Include="src\main.cpp" />
    <ClCompile Include="src\engine\engine_state.cpp" />
    <ClCompile Include="src\graphics\lighting\light.cpp" />
    <ClCompile Include="src\graphics\lighting\light_manager.cpp" />
    <ClCompile Include="src\graphics\renderer\renderer.cpp" />
    <ClCompile Include="src\graphics\textures\texture_manager.cpp" />
    <ClCompile Include="src\graphics\debug\render_contact_points.cpp" />
    <ClCompile Include="src\graphics\debug\draw_line.cpp" />
    <ClCompile Include="src\graphics\debug\xyz_object.cpp" />
    <ClCompile Include="src\game\scene_builder.cpp" />
    <ClCompile Include="src\externals\glad.c" />
    <ClCompile Include="src\graphics\debug\oobb_renderer.cpp" />
    <ClCompile Include="src\graphics\debug\aabb_renderer.cpp" />
    <ClCompile Include="src\physics\bvh\bvh.cpp" />
    <ClCompile Include="src\physics\colliders\collider.cpp" />
    <ClCompile Include="src\physics\colliders\aabb.cpp" />
    <ClCompile Include="src\physics\colliders\oobb.cpp" />
    <ClCompile Include="src\physics\colliders\tri.cpp" />
    <ClCompile Include="src\game\scenes.cpp" />
    <ClCompile Include="src\graphics\debug\sphere_outline_renderer.cpp" />
    <ClCompile Include="src\graphics\lighting\shadow_manager.cpp" />
    <ClCompile Include="src\graphics\skybox\skybox_manager.cpp" />
    <ClCompile Include="src\geometry\sky_box_data.cpp" />
    <ClCompile Include="src\pch.cpp" />
    <ClCompile Include="src\graphics\mesh\mesh_loader.cpp" />
    <ClCompile Include="src\graphics\shaders\shader_manager.cpp" />
    <ClCompile Include="src\graphics\mesh\mesh.cpp" />
    <ClCompile Include="src\graphics\mesh\mesh_manager.cpp" />
    <ClCompile Include="src\engine\imgui_manager.cpp" />
    <ClCompile Include="src\core\timer.cpp" />
    <ClCompile Include="src\engine\camera.cpp" />
    <ClCompile Include="src\engine\input_manager.cpp" />
    <ClCompile Include="src\physics\broadphase\broadphase_manager.cpp" />
    <ClCompile Include="Linking\include\imgui-docking\imgui.cpp" />
    <ClCompile Include="Linking\include\imgui-docking\imgui_demo.cpp" />
    <ClCompile Include="Linking\include\imgui-docking\imgui_draw.cpp" />
    <ClCompile Include="Linking\include\imgui-docking\imgui_impl_glfw.cpp" />
    <ClCompile Include="Linking\include\imgui-docking\imgui_impl_opengl3.cpp" />
    <ClCompile Include="Linking\include\imgui-docking\imgui_tables.cpp" />
    <ClCompile Include="Linking\include\imgui-docking\imgui_widgets.cpp" />
    <ClCompile Include="src\graphics\debug\arrow_renderer.cpp" />
    <ClCompile Include="src\graphics\debug\normals_renderer.cpp" />
    <ClCompile Include="src\game\world.cpp" />
    <ClCompile Include="src\physics\bvh\bvh_terrain.cpp" />
    <ClCompile Include="src\editor\panels\inspector_panel.cpp" />
    <ClCompile Include="src\editor\panels\performance_panel.cpp" />
    <ClCompile Include="src\editor\panels\settings_panel.cpp" />
    <ClCompile Include="src\editor\editor_main.cpp" />
    <ClCompile Include="src\editor\panel_manager.cpp" />
    <ClCompile Include="src\game\player.cpp" />
    <ClCompile Include="src\physics\world\physics_world.cpp" />
    <ClCompile Include="src\physics\bodies\rigidbody.cpp" />
    <ClCompile Include="src\graphics\renderer\debug_renderer.cpp" />
    <ClCompile Include="src\physics\narrowphase\narrowphase_manager.cpp" />
    <ClCompile Include="src\physics\narrowphase\collision_manifold.cpp" />
    <ClCompile Include="src\physics\narrowphase\SAT\sat.cpp" />
    <ClCompile Include="src\physics\broadphase\sweep_and_prune.cpp" />
    <ClCompile Include="src\physics\solver\pgs_solver.cpp" />
    <ClCompile Include="src\physics\solver\solver_builder.cpp" />
    <ClCompile Include="src\physics\updateBodiesAndColliders.cpp" />
    <ClCompile Include="src\physics\sleep\sleep_functions.cpp" />
    <ClCompile Include="src\physics\sleep\wake_sleep_utils.cpp" />
    <ClCompile Include="src\physics\narrowphase\contact_tests_speculative.cpp" />
    <ClCompile Include="src\physics\narrowphase\emit_contact_standard.cpp" />
    <ClCompile Include="src\physics\raycast\raycast.cpp" />
    <ClCompile Include="src\physics\contactcache\updateContactCache.cpp" />
    <ClCompile Include="src\physics\narrowphase\contact_tests_standard.cpp" />
    <ClCompile Include="src\physics\narrowphase\emit_contact_speculative.cpp" />
    <ClCompile Include="src\physics\narrowphase\emit_helpers.cpp" />
    <ClCompile Include="src\physics\narrowphase\contact_tests_terrain.cpp" />
    <ClCompile Include="src\physics\narrowphase\narrowphase_types.cpp" />
    <ClCompile Include="src\physics\narrowphase\SAT\speculative_sphere_tri.cpp" />
    <ClCompile Include="src\physics\narrowphase\SAT\speculative_sphere_sphere.cpp" />
    <ClCompile Include="src\physics\narrowphase\SAT\overlap_box_box.cpp" />
    <ClCompile Include="src\physics\narrowphase\SAT\overlap_sphere_tri.cpp" />
    <ClCompile Include="src\physics\narrowphase\SAT\overlap_box_tri.cpp" />
    <ClCompile Include="src\physics\narrowphase\SAT\overlap_sphere_sphere.cpp" />
    <ClCompile Include="src\physics\narrowphase\SAT\overlap_box_sphere.cpp" />
    <ClCompile Include="src\physics\narrowphase\SAT\speculative_box_box.cpp" />
    <ClCompile Include="src\physics\narrowphase\SAT\speculative_box_tri.cpp" />
    <ClCompile Include="src\physics\narrowphase\SAT\speculative_box_sphere.cpp" />
    <ClCompile Include="src\physics\engine\physics_engine.cpp" />
    <ClCompile Include="src\physics\engine\physics_step.cpp" />
    <ClCompile Include="src\physics\engine\physics_engine_commands.cpp" />
    <ClCompile Include="src\physics\engine\physics_engine_queries.cpp" />
    <ClCompile Include="src\physics\engine\physics_engine_scene.cpp" />
    <ClCompile Include="src\physics\engine\physics_engine_bodies.cpp" />
    <ClCompile Include="src\physics\engine\physics_engine_colliders.cpp" />
  </ItemGroup>
  <ItemGroup>
    <Filter Include="src">
      <UniqueIdentifier>{11b34857-600a-454c-9641-d46f3d07bb5e}</UniqueIdentifier>
    </Filter>
    <Filter Include="src\core">
      <UniqueIdentifier>{f2ebdefc-a70f-44d9-9d8d-1dece008a1e5}</UniqueIdentifier>
    </Filter>
    <Filter Include="src\game">
      <UniqueIdentifier>{e4b66ec0-54cc-4868-b2e1-b63ef7ce0987}</UniqueIdentifier>
    </Filter>
    <Filter Include="src\physics">
      <UniqueIdentifier>{de9b779a-a9c3-4882-a6b4-1a60f6c30ed6}</UniqueIdentifier>
    </Filter>
    <Filter Include="src\shaders">
      <UniqueIdentifier>{f36d2c57-b29c-422a-85a9-bc58d9873e19}</UniqueIdentifier>
    </Filter>
    <Filter Include="src\external">
      <UniqueIdentifier>{52016a1c-2a74-493c-a94e-ebee80b7ee4a}</UniqueIdentifier>
    </Filter>
    <Filter Include="src\assets">
      <UniqueIdentifier>{2f8bd695-c0ad-42d6-898b-5dae55a5ba2d}</UniqueIdentifier>
    </Filter>
    <Filter Include="src\graphics">
      <UniqueIdentifier>{a2ca50ef-7e4f-4147-a876-e50bbec863ca}</UniqueIdentifier>
    </Filter>
    <Filter Include="src\graphics\debug">
      <UniqueIdentifier>{2209605e-4776-4489-b926-d5234d7b56f8}</UniqueIdentifier>
    </Filter>
  </ItemGroup>
  <ItemGroup>
    <ClInclude Include="src\engine\camera.h" />
    <ClInclude Include="src\engine\engine_state.h" />
    <ClInclude Include="src\engine\opengl_init.h" />
    <ClInclude Include="src\engine\input.h" />
    <ClInclude Include="src\physics\collision_manifold.h" />
    <ClInclude Include="src\physics\physics_engine.h" />
    <ClInclude Include="src\physics\sat.h" />
    <ClInclude Include="src\graphics\lighting\light.h" />
    <ClInclude Include="src\graphics\lighting\light_manager.h" />
    <ClInclude Include="src\graphics\renderer\renderer.h" />
    <ClInclude Include="src\graphics\shaders\shader.h" />
    <ClInclude Include="src\graphics\textures\texture_manager.h" />
    <ClInclude Include="src\graphics\debug\draw_line.h" />
    <ClInclude Include="src\graphics\debug\xyz_object.h" />
    <ClInclude Include="src\game\game_object.h" />
    <ClInclude Include="src\game\scene_builder.h" />
    <ClInclude Include="src\graphics\debug\oobb_renderer.h" />
    <ClInclude Include="src\graphics\debug\aabb_renderer.h" />
    <ClInclude Include="src\geometry\vertex.h" />
    <ClInclude Include="src\physics\bvh\bvh.h" />
    <ClInclude Include="src\physics\colliders\aabb.h" />
    <ClInclude Include="src\physics\colliders\oobb.h" />
    <ClInclude Include="src\physics\colliders\collider.h" />
    <ClInclude Include="src\physics\colliders\sphere.h" />
    <ClInclude Include="src\physics\colliders\tri.h" />
    <ClInclude Include="src\game\scenes.h" />
    <ClInclude Include="src\graphics\debug\sphere_outline_renderer.h" />
    <ClInclude Include="src\graphics\lighting\shadow_manager.h" />
    <ClInclude Include="src\graphics\skybox\skybox_manager.h" />
    <ClInclude Include="src\geometry\sky_box_data.h" />
    <ClInclude Include="src\pch.h" />
    <ClInclude Include="src\graphics\mesh\mesh_loader.h" />
    <ClInclude Include="src\graphics\shaders\shader_manager.h" />
    <ClInclude Include="src\graphics\mesh\mesh.h" />
    <ClInclude Include="src\graphics\mesh\mesh_manager.h" />
    <ClInclude Include="src\graphics\debug\render_contact_points.h" />
    <ClInclude Include="src\engine\imgui_manager.h" />
    <ClInclude Include="src\core\timer.h" />
    <ClInclude Include="src\engine\input_manager.h" />
    <ClInclude Include="src\physics\broadphase\broadphase_manager.h" />
    <ClInclude Include="src\physics\broadphase\broadphase_types.h" />
    <ClInclude Include="src\graphics\debug\quad_renderer.h" />
    <ClInclude Include="src\graphics\debug\arrow_renderer.h" />
    <ClInclude Include="src\graphics\debug\normals_renderer.h" />
    <ClInclude Include="src\game\world.h" />
    <ClInclude Include="src\core\slot_map.h" />
    <ClInclude Include="src\physics\bvh\bvh_terrain.h" />
    <ClInclude Include="src\physics\bvh\query_treetree.h" />
    <ClInclude Include="src\editor\panels\inspector_panel.h" />
    <ClInclude Include="src\editor\panels\performance_panel.h" />
    <ClInclude Include="src\editor\panels\settings_panel.h" />
    <ClInclude Include="src\editor\editor_main.h" />
    <ClInclude Include="src\editor\panel.h" />
    <ClInclude Include="src\editor\panel_manager.h" />
    <ClInclude Include="src\editor\viewport_fbo.h" />
    <ClInclude Include="src\game\player.h" />
    <ClInclude Include="src\physics\world\physics_world.h" />
    <ClInclude Include="src\physics\bodies\rigidbody.h" />
    <ClInclude Include="src\graphics\renderer\debug_renderer.h" />
    <ClInclude Include="src\core\ring_buffer.h" />
    <ClInclude Include="src\game\transform.h" />
    <ClInclude Include="src\core\pointer_cache.h" />
    <ClInclude Include="src\physics\narrowphase\narrowphase_manager.h" />
    <ClInclude Include="src\physics\colliders\collider_transform_cache.h" />
    <ClInclude Include="src\physics\narrowphase\collision_manifold.h" />
    <ClInclude Include="src\physics\narrowphase\SAT\sat.h" />
    <ClInclude Include="src\physics\bvh\query_sametree.h" />
    <ClInclude Include="debug_config.h" />
    <ClInclude Include="src\physics\broadphase\sweep_and_prune.h" />
    <ClInclude Include="src\physics\narrowphase\narrowphase_types.h" />
    <ClInclude Include="src\physics\broadphase\rigidbody_broadphase_types.h" />
    <ClInclude Include="src\physics\solver\pgs_solver.h" />
    <ClInclude Include="src\physics\solver\solver_types.h" />
    <ClInclude Include="src\physics\sleep\wake_sleep_utils.h" />
    <ClInclude Include="src\physics\world\runtime_caches.h" />
    <ClInclude Include="src\physics\raycast\raycast.h" />
    <ClInclude Include="src\physics\narrowphase\SAT\sat_types.h" />
    <ClInclude Include="src\physics\public\physics_debug_types.h" />
    <ClInclude Include="src\physics\public\physics_engine.h" />
    <ClInclude Include="src\physics\engine\physics_engine_impl.h" />
    <ClInclude Include="src\physics\public\physics_handles.h" />
    <ClInclude Include="src\core\handle.h" />
    <ClInclude Include="src\game\game_handles.h" />
    <ClInclude Include="src\physics\public\physics_types.h" />
    <ClInclude Include="src\physics\public\collider_desc.h" />
    <ClInclude Include="src\physics\public\collider_state.h" />
    <ClInclude Include="src\physics\public\rigid_body_desc.h" />
    <ClInclude Include="src\physics\public\rigid_body_state.h" />
    <ClInclude Include="src\ecs\component_storage.h" />
    <ClInclude Include="src\ecs\ECSWorld.h" />
    <ClInclude Include="src\ecs\entity_pool.h" />
    <ClInclude Include="src\ecs\entity.h" />
  </ItemGroup>
  <ItemGroup>
    <Image Include="src\UV0.png" />
    <Image Include="src\crate.jpg" />
    <Image Include="src\assets\crate.jpg" />
    <Image Include="src\assets\UV0.png" />
  </ItemGroup>
  <ItemGroup>
    <None Include="src\externals\glfw3.dll" />
    <None Include="src\graphics\shaders\default.frag" />
    <None Include="src\graphics\shaders\debug.vert">
      <Filter>src\shaders</Filter>
    </None>
    <None Include="src\graphics\shaders\debug.frag" />
    <None Include="src\graphics\shaders\shadow.frag">
      <Filter>src\shaders</Filter>
    </None>
    <None Include="src\graphics\shaders\shadow.vert">
      <Filter>src\shaders</Filter>
    </None>
    <None Include="src\graphics\shaders\skybox.frag">
      <Filter>src\shaders</Filter>
    </None>
    <None Include="src\graphics\shaders\skybox.vert">
      <Filter>src\shaders</Filter>
    </None>
    <None Include="src\graphics\shaders\default.vert" />
    <None Include="src\graphics\shaders\default_instanced.vert" />
    <None Include="src\graphics\shaders\shadow_instanced.vert" />
    <None Include="src\graphics\shaders\SkyShader.frag" />
    <None Include="src\graphics\shaders\SkyShader.vert" />
  </ItemGroup>
</Project>